
Microsoft Visual Studio Solution File, Format Version 12.00
# Visual Studio 15
VisualStudioVersion = 15.0.28307.1022
MinimumVisualStudioVersion = 10.0.40219.1
Project("{FAE04EC0-301F-11D3-BF4B-00C04F79EFBC}") = "LibraryApp.WebApp", "LibraryApp.WebApp\LibraryApp.WebApp.csproj", "{57B5CC8E-F5C1-4DC1-A176-C74CB1049EDA}"
EndProject
Project("{FAE04EC0-301F-11D3-BF4B-00C04F79EFBC}") = "LibraryApp.Entities", "LibraryApp.Entities\LibraryApp.Entities.csproj", "{95325244-A03A-4AA2-9299-6CC8938FEF94}"
EndProject
Global
	GlobalSection(SolutionConfigurationPlatforms) = preSolution
		Debug|Any CPU = Debug|Any CPU
		Release|Any CPU = Release|Any CPU
	EndGlobalSection
	GlobalSection(ProjectConfigurationPlatforms) = postSolution
		{57B5CC8E-F5C1-4DC1-A176-C74CB1049EDA}.Debug|Any CPU.ActiveCfg = Debug|Any CPU
		{57B5CC8E-F5C1-4DC1-A176-C74CB1049EDA}.Debug|Any CPU.Build.0 = Debug|Any CPU
		{57B5CC8E-F5C1-4DC1-A176-C74CB1049EDA}.Release|Any CPU.ActiveCfg = Release|Any CPU
		{57B5CC8E-F5C1-4DC1-A176-C74CB1049EDA}.Release|Any CPU.Build.0 = Release|Any CPU
		{95325244-A03A-4AA2-9299-6CC8938FEF94}.Debug|Any CPU.ActiveCfg = Debug|Any CPU
		{95325244-A03A-4AA2-9299-6CC8938FEF94}.Debug|Any CPU.Build.0 = Debug|Any CPU
		{95325244-A03A-4AA2-9299-6CC8938FEF94}.Release|Any CPU.ActiveCfg = Release|Any CPU
		{95325244-A03A-4AA2-9299-6CC8938FEF94}.Release|Any CPU.Build.0 = Release|Any CPU
	EndGlobalSection
	GlobalSection(SolutionProperties) = preSolution
		HideSolutionNode = FALSE
	EndGlobalSection
	GlobalSection(ExtensibilityGlobals) = postSolution
		SolutionGuid = {C9800B2E-3CC7-46F6-BFFC-CE1497DA13A7}
	EndGlobalSection
EndGlobal
